
Microsoft Visual Studio Solution File, Format Version 12.00
# Visual Studio Version 16
VisualStudioVersion = 16.0.31702.278
MinimumVisualStudioVersion = 10.0.40219.1
Project("{FAE04EC0-301F-11D3-BF4B-00C04F79EFBC}") = "Bolletta", "Bolletta\Bolletta.csproj", "{CBF3E6D8-E89D-4023-8458-1EBA31B20080}"
EndProject
Global
	GlobalSection(SolutionConfigurationPlatforms) = preSolution
		Debug|Any CPU = Debug|Any CPU
		Release|Any CPU = Release|Any CPU
	EndGlobalSection
	GlobalSection(ProjectConfigurationPlatforms) = postSolution
		{CBF3E6D8-E89D-4023-8458-1EBA31B20080}.Debug|Any CPU.ActiveCfg = Debug|Any CPU
		{CBF3E6D8-E89D-4023-8458-1EBA31B20080}.Debug|Any CPU.Build.0 = Debug|Any CPU
		{CBF3E6D8-E89D-4023-8458-1EBA31B20080}.Release|Any CPU.ActiveCfg = Release|Any CPU
		{CBF3E6D8-E89D-4023-8458-1EBA31B20080}.Release|Any CPU.Build.0 = Release|Any CPU
	EndGlobalSection
	GlobalSection(SolutionProperties) = preSolution
		HideSolutionNode = FALSE
	EndGlobalSection
	GlobalSection(ExtensibilityGlobals) = postSolution
		SolutionGuid = {7EF1B9D0-F5FB-41E1-BB71-A4932456497B}
	EndGlobalSection
EndGlobal
